
Microsoft Visual Studio Solution File, Format Version 12.00
# Visual Studio Version 17
VisualStudioVersion = 17.0.31903.59
MinimumVisualStudioVersion = 10.0.40219.1
Project("{9A19103F-16F7-4668-BE54-9A1E7A4F7556}") = "QuickBaseApi.Client", "QuickBaseApi.Client\QuickBaseApi.Client.csproj", "{FF438FB2-0DAA-42F0-8F33-92B044BEC160}"
EndProject
Project("{9A19103F-16F7-4668-BE54-9A1E7A4F7556}") = "QuickBaseApi.Tests", "QuickBaseApi.Tests\QuickBaseApi.Tests.csproj", "{E729C3CD-DC53-463B-BEC5-74C281073251}"
EndProject
Project("{2150E333-8FDC-42A3-9474-1A3956D46DE8}") = "Solution Items", "Solution Items", "{00311397-468E-475E-A44F-2724DE373E01}"
	ProjectSection(SolutionItems) = preProject
		.editorconfig = .editorconfig
	EndProjectSection
EndProject
Global
	GlobalSection(SolutionConfigurationPlatforms) = preSolution
		DEV|Any CPU = DEV|Any CPU
		QA|Any CPU = QA|Any CPU
	EndGlobalSection
	GlobalSection(ProjectConfigurationPlatforms) = postSolution
		{FF438FB2-0DAA-42F0-8F33-92B044BEC160}.DEV|Any CPU.ActiveCfg = DEV|Any CPU
		{FF438FB2-0DAA-42F0-8F33-92B044BEC160}.DEV|Any CPU.Build.0 = DEV|Any CPU
		{FF438FB2-0DAA-42F0-8F33-92B044BEC160}.QA|Any CPU.ActiveCfg = QA|Any CPU
		{FF438FB2-0DAA-42F0-8F33-92B044BEC160}.QA|Any CPU.Build.0 = QA|Any CPU
		{E729C3CD-DC53-463B-BEC5-74C281073251}.DEV|Any CPU.ActiveCfg = DEV|Any CPU
		{E729C3CD-DC53-463B-BEC5-74C281073251}.DEV|Any CPU.Build.0 = DEV|Any CPU
		{E729C3CD-DC53-463B-BEC5-74C281073251}.QA|Any CPU.ActiveCfg = QA|Any CPU
		{E729C3CD-DC53-463B-BEC5-74C281073251}.QA|Any CPU.Build.0 = QA|Any CPU
	EndGlobalSection
	GlobalSection(SolutionProperties) = preSolution
		HideSolutionNode = FALSE
	EndGlobalSection
	GlobalSection(ExtensibilityGlobals) = postSolution
		SolutionGuid = {F5642996-480D-497F-913E-63C3A14E8B1D}
	EndGlobalSection
EndGlobal
