
Microsoft Visual Studio Solution File, Format Version 12.00
# Visual Studio Version 17
VisualStudioVersion = 17.0.31903.59
MinimumVisualStudioVersion = 10.0.40219.1
Project("{FAE04EC0-301F-11D3-BF4B-00C04F79EFBC}") = "QuickBaseApi.Client", "QuickBaseApi.Client\QuickBaseApi.Client.csproj", "{FF438FB2-0DAA-42F0-8F33-92B044BEC160}"
EndProject
Project("{FAE04EC0-301F-11D3-BF4B-00C04F79EFBC}") = "QuickBaseApi.Tests", "QuickBaseApi.Tests\QuickBaseApi.Tests.csproj", "{E729C3CD-DC53-463B-BEC5-74C281073251}"
EndProject
Global
	GlobalSection(SolutionConfigurationPlatforms) = preSolution
		Debug|Any CPU = Debug|Any CPU
		Release|Any CPU = Release|Any CPU
	EndGlobalSection
	GlobalSection(SolutionProperties) = preSolution
		HideSolutionNode = FALSE
	EndGlobalSection
	GlobalSection(ProjectConfigurationPlatforms) = postSolution
		{FF438FB2-0DAA-42F0-8F33-92B044BEC160}.Debug|Any CPU.ActiveCfg = Debug|Any CPU
		{FF438FB2-0DAA-42F0-8F33-92B044BEC160}.Debug|Any CPU.Build.0 = Debug|Any CPU
		{FF438FB2-0DAA-42F0-8F33-92B044BEC160}.Release|Any CPU.ActiveCfg = Release|Any CPU
		{FF438FB2-0DAA-42F0-8F33-92B044BEC160}.Release|Any CPU.Build.0 = Release|Any CPU
		{E729C3CD-DC53-463B-BEC5-74C281073251}.Debug|Any CPU.ActiveCfg = Debug|Any CPU
		{E729C3CD-DC53-463B-BEC5-74C281073251}.Debug|Any CPU.Build.0 = Debug|Any CPU
		{E729C3CD-DC53-463B-BEC5-74C281073251}.Release|Any CPU.ActiveCfg = Release|Any CPU
		{E729C3CD-DC53-463B-BEC5-74C281073251}.Release|Any CPU.Build.0 = Release|Any CPU
	EndGlobalSection
EndGlobal
